
Microsoft Visual Studio Solution File, Format Version 12.00
# Visual Studio Version 16
VisualStudioVersion = 16.0.33801.447
MinimumVisualStudioVersion = 10.0.40219.1
Project("{FAE04EC0-301F-11D3-BF4B-00C04F79EFBC}") = "WebServiceDemo", "WebServiceDemo\WebServiceDemo.csproj", "{D6914D05-2209-4062-BB82-648CFE0806C7}"
EndProject
Global
	GlobalSection(SolutionConfigurationPlatforms) = preSolution
		Debug|Any CPU = Debug|Any CPU
		Release|Any CPU = Release|Any CPU
	EndGlobalSection
	GlobalSection(ProjectConfigurationPlatforms) = postSolution
		{D6914D05-2209-4062-BB82-648CFE0806C7}.Debug|Any CPU.ActiveCfg = Debug|Any CPU
		{D6914D05-2209-4062-BB82-648CFE0806C7}.Debug|Any CPU.Build.0 = Debug|Any CPU
		{D6914D05-2209-4062-BB82-648CFE0806C7}.Release|Any CPU.ActiveCfg = Release|Any CPU
		{D6914D05-2209-4062-BB82-648CFE0806C7}.Release|Any CPU.Build.0 = Release|Any CPU
	EndGlobalSection
	GlobalSection(SolutionProperties) = preSolution
		HideSolutionNode = FALSE
	EndGlobalSection
	GlobalSection(ExtensibilityGlobals) = postSolution
		SolutionGuid = {76063D3B-89F6-4964-BFBC-4799C046CCAA}
	EndGlobalSection
EndGlobal
