
Microsoft Visual Studio Solution File, Format Version 12.00
# Visual Studio Version 16
VisualStudioVersion = 16.0.33801.447
MinimumVisualStudioVersion = 10.0.40219.1
Project("{FAE04EC0-301F-11D3-BF4B-00C04F79EFBC}") = "WebServiceDemo", "WebServiceDemo\WebServiceDemo.csproj", "{D6914D05-2209-4062-BB82-648CFE0806C7}"
EndProject
Project("{2150E333-8FDC-42A3-9474-1A3956D46DE8}") = "Solution Items", "Solution Items", "{476B2243-5DDE-4676-829E-F6D2EEEC8241}"
	ProjectSection(SolutionItems) = preProject
		Notes.txt = Notes.txt
	EndProjectSection
EndProject
Project("{FAE04EC0-301F-11D3-BF4B-00C04F79EFBC}") = "ServiceConsumer", "ServiceConsumer\ServiceConsumer.csproj", "{8BD41A46-756E-4131-A943-F166DC60B8EE}"
EndProject
Project("{FAE04EC0-301F-11D3-BF4B-00C04F79EFBC}") = "ConsumeServiceFromClientScript", "ConsumeServiceFromClientScript\ConsumeServiceFromClientScript.csproj", "{B79F1684-F089-4111-8241-25619377AA25}"
EndProject
Global
	GlobalSection(SolutionConfigurationPlatforms) = preSolution
		Debug|Any CPU = Debug|Any CPU
		Release|Any CPU = Release|Any CPU
	EndGlobalSection
	GlobalSection(ProjectConfigurationPlatforms) = postSolution
		{D6914D05-2209-4062-BB82-648CFE0806C7}.Debug|Any CPU.ActiveCfg = Debug|Any CPU
		{D6914D05-2209-4062-BB82-648CFE0806C7}.Debug|Any CPU.Build.0 = Debug|Any CPU
		{D6914D05-2209-4062-BB82-648CFE0806C7}.Release|Any CPU.ActiveCfg = Release|Any CPU
		{D6914D05-2209-4062-BB82-648CFE0806C7}.Release|Any CPU.Build.0 = Release|Any CPU
		{8BD41A46-756E-4131-A943-F166DC60B8EE}.Debug|Any CPU.ActiveCfg = Debug|Any CPU
		{8BD41A46-756E-4131-A943-F166DC60B8EE}.Debug|Any CPU.Build.0 = Debug|Any CPU
		{8BD41A46-756E-4131-A943-F166DC60B8EE}.Release|Any CPU.ActiveCfg = Release|Any CPU
		{8BD41A46-756E-4131-A943-F166DC60B8EE}.Release|Any CPU.Build.0 = Release|Any CPU
		{B79F1684-F089-4111-8241-25619377AA25}.Debug|Any CPU.ActiveCfg = Debug|Any CPU
		{B79F1684-F089-4111-8241-25619377AA25}.Debug|Any CPU.Build.0 = Debug|Any CPU
		{B79F1684-F089-4111-8241-25619377AA25}.Release|Any CPU.ActiveCfg = Release|Any CPU
		{B79F1684-F089-4111-8241-25619377AA25}.Release|Any CPU.Build.0 = Release|Any CPU
	EndGlobalSection
	GlobalSection(SolutionProperties) = preSolution
		HideSolutionNode = FALSE
	EndGlobalSection
	GlobalSection(ExtensibilityGlobals) = postSolution
		SolutionGuid = {76063D3B-89F6-4964-BFBC-4799C046CCAA}
	EndGlobalSection
EndGlobal
